
Microsoft Visual Studio Solution File, Format Version 12.00
Project("{FAE04EC0-301F-11D3-BF4B-00C04F79EFBC}") = "RatingEngine.API", "RatingEngine.API\RatingEngine.API.csproj", "{7755FF4D-4F33-40D8-9410-B71B3A715A6F}"
EndProject
Project("{FAE04EC0-301F-11D3-BF4B-00C04F79EFBC}") = "RatingEngine.Core", "RatingEngine.Core\RatingEngine.Core.csproj", "{FA81CE37-FC6A-4EFD-BB0B-3B707CDA66F7}"
EndProject
Project("{FAE04EC0-301F-11D3-BF4B-00C04F79EFBC}") = "RatingEngine.Infrastructure", "RatingEngine.Infrastructure\RatingEngine.Infrastructure.csproj", "{E586284C-005B-43E5-BBC7-C3602CC6C85D}"
EndProject
Project("{FAE04EC0-301F-11D3-BF4B-00C04F79EFBC}") = "RatingEngine.IntegrationTests", "RatingEngine.IntegrationTests\RatingEngine.IntegrationTests.csproj", "{2BA7AB08-3F13-403E-9144-D41D7CDAE485}"
EndProject
Project("{FAE04EC0-301F-11D3-BF4B-00C04F79EFBC}") = "RatingEngine.UnitTests", "RatingEngine.UnitTests\RatingEngine.UnitTests.csproj", "{C904A31A-DC24-480F-A28E-B18B410D6110}"
EndProject
Global
	GlobalSection(SolutionConfigurationPlatforms) = preSolution
		Debug|Any CPU = Debug|Any CPU
		Release|Any CPU = Release|Any CPU
	EndGlobalSection
	GlobalSection(ProjectConfigurationPlatforms) = postSolution
		{7755FF4D-4F33-40D8-9410-B71B3A715A6F}.Debug|Any CPU.ActiveCfg = Debug|Any CPU
		{7755FF4D-4F33-40D8-9410-B71B3A715A6F}.Debug|Any CPU.Build.0 = Debug|Any CPU
		{7755FF4D-4F33-40D8-9410-B71B3A715A6F}.Release|Any CPU.ActiveCfg = Release|Any CPU
		{7755FF4D-4F33-40D8-9410-B71B3A715A6F}.Release|Any CPU.Build.0 = Release|Any CPU
		{FA81CE37-FC6A-4EFD-BB0B-3B707CDA66F7}.Debug|Any CPU.ActiveCfg = Debug|Any CPU
		{FA81CE37-FC6A-4EFD-BB0B-3B707CDA66F7}.Debug|Any CPU.Build.0 = Debug|Any CPU
		{FA81CE37-FC6A-4EFD-BB0B-3B707CDA66F7}.Release|Any CPU.ActiveCfg = Release|Any CPU
		{FA81CE37-FC6A-4EFD-BB0B-3B707CDA66F7}.Release|Any CPU.Build.0 = Release|Any CPU
		{E586284C-005B-43E5-BBC7-C3602CC6C85D}.Debug|Any CPU.ActiveCfg = Debug|Any CPU
		{E586284C-005B-43E5-BBC7-C3602CC6C85D}.Debug|Any CPU.Build.0 = Debug|Any CPU
		{E586284C-005B-43E5-BBC7-C3602CC6C85D}.Release|Any CPU.ActiveCfg = Release|Any CPU
		{E586284C-005B-43E5-BBC7-C3602CC6C85D}.Release|Any CPU.Build.0 = Release|Any CPU
		{2BA7AB08-3F13-403E-9144-D41D7CDAE485}.Debug|Any CPU.ActiveCfg = Debug|Any CPU
		{2BA7AB08-3F13-403E-9144-D41D7CDAE485}.Debug|Any CPU.Build.0 = Debug|Any CPU
		{2BA7AB08-3F13-403E-9144-D41D7CDAE485}.Release|Any CPU.ActiveCfg = Release|Any CPU
		{2BA7AB08-3F13-403E-9144-D41D7CDAE485}.Release|Any CPU.Build.0 = Release|Any CPU
		{C904A31A-DC24-480F-A28E-B18B410D6110}.Debug|Any CPU.ActiveCfg = Debug|Any CPU
		{C904A31A-DC24-480F-A28E-B18B410D6110}.Debug|Any CPU.Build.0 = Debug|Any CPU
		{C904A31A-DC24-480F-A28E-B18B410D6110}.Release|Any CPU.ActiveCfg = Release|Any CPU
		{C904A31A-DC24-480F-A28E-B18B410D6110}.Release|Any CPU.Build.0 = Release|Any CPU
	EndGlobalSection
EndGlobal
